# This file is automatically @generated by Poetry 1.8.3 and should not be changed by hand.

[[package]]
name = "hsecrypto"
version = "0.1.0"
description = ""
optional = false
python-versions = ">=3.12,<4.0"
files = [
    {file = "hsecrypto-0.1.0-py3-none-any.whl", hash = "sha256:3f22c18fd468535e14b0c300fae12e0c9524ed7f3093cef4086b1f3e50c87d2d"},
]

[package.source]
type = "file"
url = "dist/hsecrypto-0.1.0-py3-none-any.whl"

[metadata]
lock-version = "2.0"
python-versions = "^3.12"
content-hash = "931beec6cc6559fffa071537f8689b9826b0c894f878ecf53363ae6c41a401a0"
